
Microsoft Visual Studio Solution File, Format Version 12.00
# Visual Studio 15
VisualStudioVersion = 15.0.28307.136
MinimumVisualStudioVersion = 10.0.40219.1
Project("{FAE04EC0-301F-11D3-BF4B-00C04F79EFBC}") = "CaseStudy", "CaseStudy\CaseStudy.csproj", "{2FAD3FAE-5887-4DC8-BDA9-3FEC314E2950}"
EndProject
Global
	GlobalSection(SolutionConfigurationPlatforms) = preSolution
		Debug|Any CPU = Debug|Any CPU
		Dev|Any CPU = Dev|Any CPU
		Prod|Any CPU = Prod|Any CPU
		Release|Any CPU = Release|Any CPU
		Test|Any CPU = Test|Any CPU
	EndGlobalSection
	GlobalSection(ProjectConfigurationPlatforms) = postSolution
		{2FAD3FAE-5887-4DC8-BDA9-3FEC314E2950}.Debug|Any CPU.ActiveCfg = Debug|Any CPU
		{2FAD3FAE-5887-4DC8-BDA9-3FEC314E2950}.Debug|Any CPU.Build.0 = Debug|Any CPU
		{2FAD3FAE-5887-4DC8-BDA9-3FEC314E2950}.Dev|Any CPU.ActiveCfg = Dev|Any CPU
		{2FAD3FAE-5887-4DC8-BDA9-3FEC314E2950}.Dev|Any CPU.Build.0 = Dev|Any CPU
		{2FAD3FAE-5887-4DC8-BDA9-3FEC314E2950}.Prod|Any CPU.ActiveCfg = Prod|Any CPU
		{2FAD3FAE-5887-4DC8-BDA9-3FEC314E2950}.Prod|Any CPU.Build.0 = Prod|Any CPU
		{2FAD3FAE-5887-4DC8-BDA9-3FEC314E2950}.Release|Any CPU.ActiveCfg = Release|Any CPU
		{2FAD3FAE-5887-4DC8-BDA9-3FEC314E2950}.Release|Any CPU.Build.0 = Release|Any CPU
		{2FAD3FAE-5887-4DC8-BDA9-3FEC314E2950}.Test|Any CPU.ActiveCfg = Test|Any CPU
		{2FAD3FAE-5887-4DC8-BDA9-3FEC314E2950}.Test|Any CPU.Build.0 = Test|Any CPU
	EndGlobalSection
	GlobalSection(SolutionProperties) = preSolution
		HideSolutionNode = FALSE
	EndGlobalSection
	GlobalSection(ExtensibilityGlobals) = postSolution
		SolutionGuid = {A3870E0E-CD04-43AF-92EE-36453A887205}
	EndGlobalSection
EndGlobal
